// !$*UTF8*$!
{
	archiveVersion = 1;
	classes = {
	};
	objectVersion = 77;
	objects = {

/* Begin PBXBuildFile section */
		1E563019DA4CC0A605F69F02 /* LivingApp.swift in Sources */ = {isa = PBXBuildFile; fileRef = FCF5DCB22D3D91529B163EA0 /* LivingApp.swift */; };
		4ECFC546436C1E407E2DACC7 /* KeychainAccess in Frameworks */ = {isa = PBXBuildFile; productRef = D59EF6E72B1E86A7534081C0 /* KeychainAccess */; };
		5A6B7C8D9E0F1A2B3C4D5E6F /* GoogleService-Info.plist in Resources */ = {isa = PBXBuildFile; fileRef = 5A6B7C8D9E0F1A2B3C4D5E60 /* GoogleService-Info.plist */; };
		ASSETS010001000100010001 /* Assets.xcassets in Resources */ = {isa = PBXBuildFile; fileRef = ASSETS010001000100010002 /* Assets.xcassets */; };
		7A1B2C3D4E5F6789ABCDEF01 /* FirebaseAuth in Frameworks */ = {isa = PBXBuildFile; productRef = 7A1B2C3D4E5F6789ABCDEF00 /* FirebaseAuth */; };
		8F9856937C88AD99FAF57964 /* FirebaseFirestore in Frameworks */ = {isa = PBXBuildFile; productRef = 12333CE3B5DFD14AAE102EA7 /* FirebaseFirestore */; };
		A842A4BF3A6F978C598C1F59 /* FirebaseService.swift in Sources */ = {isa = PBXBuildFile; fileRef = A9DC5DDB721B648D131CEBDC /* FirebaseService.swift */; };
		B1B698E214E9925ACA2F197A /* CheckInViewModel.swift in Sources */ = {isa = PBXBuildFile; fileRef = 7E111837E8199880BFD707DB /* CheckInViewModel.swift */; };
		C6A5069ACC62E00D13AFDD37 /* UserData.swift in Sources */ = {isa = PBXBuildFile; fileRef = 9E2C002F3A64288043E6AB95 /* UserData.swift */; };
		C7FE6F4641FE517B4879F517 /* CheckInView.swift in Sources */ = {isa = PBXBuildFile; fileRef = DCFE8E380459C45A130FFE01 /* CheckInView.swift */; };
		ED207EEE83F931B21C360DE2 /* SettingsView.swift in Sources */ = {isa = PBXBuildFile; fileRef = 72C0BDFF9DD3164BF36AD19F /* SettingsView.swift */; };
		SPLASH0100010001000100AA /* SplashView.swift in Sources */ = {isa = PBXBuildFile; fileRef = SPLASH0100010001000100AB /* SplashView.swift */; };
		ONBOARD0100010001000100AA /* OnboardingView.swift in Sources */ = {isa = PBXBuildFile; fileRef = ONBOARD0100010001000100AB /* OnboardingView.swift */; };
		TEST0001000100010001000A /* DateExtensionTests.swift in Sources */ = {isa = PBXBuildFile; fileRef = TEST0001000100010001000B /* DateExtensionTests.swift */; };
/* End PBXBuildFile section */

/* Begin PBXFileReference section */
		ASSETS010001000100010002 /* Assets.xcassets */ = {isa = PBXFileReference; lastKnownFileType = folder.assetcatalog; path = Assets.xcassets; sourceTree = "<group>"; };
		5A6B7C8D9E0F1A2B3C4D5E60 /* GoogleService-Info.plist */ = {isa = PBXFileReference; lastKnownFileType = text.plist.xml; path = "GoogleService-Info.plist"; sourceTree = "<group>"; };
		72C0BDFF9DD3164BF36AD19F /* SettingsView.swift */ = {isa = PBXFileReference; lastKnownFileType = sourcecode.swift; path = SettingsView.swift; sourceTree = "<group>"; };
		7E111837E8199880BFD707DB /* CheckInViewModel.swift */ = {isa = PBXFileReference; lastKnownFileType = sourcecode.swift; path = CheckInViewModel.swift; sourceTree = "<group>"; };
		9E2C002F3A64288043E6AB95 /* UserData.swift */ = {isa = PBXFileReference; lastKnownFileType = sourcecode.swift; path = UserData.swift; sourceTree = "<group>"; };
		A9DC5DDB721B648D131CEBDC /* FirebaseService.swift */ = {isa = PBXFileReference; lastKnownFileType = sourcecode.swift; path = FirebaseService.swift; sourceTree = "<group>"; };
		DCFE8E380459C45A130FFE01 /* CheckInView.swift */ = {isa = PBXFileReference; lastKnownFileType = sourcecode.swift; path = CheckInView.swift; sourceTree = "<group>"; };
		E38ED9B904389647F234C086 /* Living.app */ = {isa = PBXFileReference; includeInIndex = 0; lastKnownFileType = wrapper.application; path = Living.app; sourceTree = BUILT_PRODUCTS_DIR; };
		FCF5DCB22D3D91529B163EA0 /* LivingApp.swift */ = {isa = PBXFileReference; lastKnownFileType = sourcecode.swift; path = LivingApp.swift; sourceTree = "<group>"; };
		SPLASH0100010001000100AB /* SplashView.swift */ = {isa = PBXFileReference; lastKnownFileType = sourcecode.swift; path = SplashView.swift; sourceTree = "<group>"; };
		ONBOARD0100010001000100AB /* OnboardingView.swift */ = {isa = PBXFileReference; lastKnownFileType = sourcecode.swift; path = OnboardingView.swift; sourceTree = "<group>"; };
		TEST0001000100010001000B /* DateExtensionTests.swift */ = {isa = PBXFileReference; lastKnownFileType = sourcecode.swift; path = DateExtensionTests.swift; sourceTree = "<group>"; };
		TEST0001000100010001000C /* LivingTests.xctest */ = {isa = PBXFileReference; explicitFileType = wrapper.cfbundle; includeInIndex = 0; path = LivingTests.xctest; sourceTree = BUILT_PRODUCTS_DIR; };
/* End PBXFileReference section */

/* Begin PBXFrameworksBuildPhase section */
		99E6B4A152A06C7D6D130104 /* Frameworks */ = {
			isa = PBXFrameworksBuildPhase;
			buildActionMask = 2147483647;
			files = (
				7A1B2C3D4E5F6789ABCDEF01 /* FirebaseAuth in Frameworks */,
				8F9856937C88AD99FAF57964 /* FirebaseFirestore in Frameworks */,
				4ECFC546436C1E407E2DACC7 /* KeychainAccess in Frameworks */,
			);
			runOnlyForDeploymentPostprocessing = 0;
		};
		TEST0001000100010001001C /* Frameworks */ = {
			isa = PBXFrameworksBuildPhase;
			buildActionMask = 2147483647;
			files = (
			);
			runOnlyForDeploymentPostprocessing = 0;
		};
/* End PBXFrameworksBuildPhase section */

/* Begin PBXGroup section */
		0DEC06DD5129AB3A92399DC1 /* Services */ = {
			isa = PBXGroup;
			children = (
				A9DC5DDB721B648D131CEBDC /* FirebaseService.swift */,
			);
			path = Services;
			sourceTree = "<group>";
		};
		6FC3C64CF7325590955B2295 /* Models */ = {
			isa = PBXGroup;
			children = (
				9E2C002F3A64288043E6AB95 /* UserData.swift */,
			);
			path = Models;
			sourceTree = "<group>";
		};
		83FB942C953FD0D5FA51BADA /* Products */ = {
			isa = PBXGroup;
			children = (
				E38ED9B904389647F234C086 /* Living.app */,
				TEST0001000100010001000C /* LivingTests.xctest */,
			);
			name = Products;
			sourceTree = "<group>";
		};
		93CFEB1DA06BD88F557674BF /* App */ = {
			isa = PBXGroup;
			children = (
				FCF5DCB22D3D91529B163EA0 /* LivingApp.swift */,
			);
			path = App;
			sourceTree = "<group>";
		};
		93E2793F0B9268F16802CF3B /* Views */ = {
			isa = PBXGroup;
			children = (
				DCFE8E380459C45A130FFE01 /* CheckInView.swift */,
				7E111837E8199880BFD707DB /* CheckInViewModel.swift */,
				ONBOARD0100010001000100AB /* OnboardingView.swift */,
				72C0BDFF9DD3164BF36AD19F /* SettingsView.swift */,
				SPLASH0100010001000100AB /* SplashView.swift */,
			);
			path = Views;
			sourceTree = "<group>";
		};
		F4D51725F0326D7BF57D0F36 = {
			isa = PBXGroup;
			children = (
				F9CC46F70A3B601BE3FA7994 /* Living */,
				TEST0001000100010001000D /* LivingTests */,
				83FB942C953FD0D5FA51BADA /* Products */,
			);
			sourceTree = "<group>";
		};
		TEST0001000100010001000D /* LivingTests */ = {
			isa = PBXGroup;
			children = (
				TEST0001000100010001000B /* DateExtensionTests.swift */,
			);
			path = LivingTests;
			sourceTree = "<group>";
		};
		F9CC46F70A3B601BE3FA7994 /* Living */ = {
			isa = PBXGroup;
			children = (
				93CFEB1DA06BD88F557674BF /* App */,
				ASSETS010001000100010002 /* Assets.xcassets */,
				6FC3C64CF7325590955B2295 /* Models */,
				0DEC06DD5129AB3A92399DC1 /* Services */,
				93E2793F0B9268F16802CF3B /* Views */,
				5A6B7C8D9E0F1A2B3C4D5E60 /* GoogleService-Info.plist */,
			);
			path = Living;
			sourceTree = "<group>";
		};
/* End PBXGroup section */

/* Begin PBXContainerItemProxy section */
		TEST0001000100010001000E /* PBXContainerItemProxy */ = {
			isa = PBXContainerItemProxy;
			containerPortal = 75E881C69B1B402289F98EFF /* Project object */;
			proxyType = 1;
			remoteGlobalIDString = F59F5922C28E64FA4512D7A2;
			remoteInfo = Living;
		};
/* End PBXContainerItemProxy section */

/* Begin PBXTargetDependency section */
		TEST0001000100010001000F /* PBXTargetDependency */ = {
			isa = PBXTargetDependency;
			target = F59F5922C28E64FA4512D7A2 /* Living */;
			targetProxy = TEST0001000100010001000E /* PBXContainerItemProxy */;
		};
/* End PBXTargetDependency section */

/* Begin PBXResourcesBuildPhase section */
		5A6B7C8D9E0F1A2B3C4D5E61 /* Resources */ = {
			isa = PBXResourcesBuildPhase;
			buildActionMask = 2147483647;
			files = (
				ASSETS010001000100010001 /* Assets.xcassets in Resources */,
				5A6B7C8D9E0F1A2B3C4D5E6F /* GoogleService-Info.plist in Resources */,
			);
			runOnlyForDeploymentPostprocessing = 0;
		};
/* End PBXResourcesBuildPhase section */

/* Begin PBXNativeTarget section */
		F59F5922C28E64FA4512D7A2 /* Living */ = {
			isa = PBXNativeTarget;
			buildConfigurationList = FCD2CA05E50F3EAC4CD485CE /* Build configuration list for PBXNativeTarget "Living" */;
			buildPhases = (
				509B2B6DAD1FA85DD7A14E74 /* Sources */,
				99E6B4A152A06C7D6D130104 /* Frameworks */,
				5A6B7C8D9E0F1A2B3C4D5E61 /* Resources */,
			);
			buildRules = (
			);
			dependencies = (
			);
			name = Living;
			packageProductDependencies = (
				7A1B2C3D4E5F6789ABCDEF00 /* FirebaseAuth */,
				12333CE3B5DFD14AAE102EA7 /* FirebaseFirestore */,
				D59EF6E72B1E86A7534081C0 /* KeychainAccess */,
			);
			productName = Living;
			productReference = E38ED9B904389647F234C086 /* Living.app */;
			productType = "com.apple.product-type.application";
		};
		TEST0001000100010001001A /* LivingTests */ = {
			isa = PBXNativeTarget;
			buildConfigurationList = TEST0001000100010001001D /* Build configuration list for PBXNativeTarget "LivingTests" */;
			buildPhases = (
				TEST0001000100010001001B /* Sources */,
				TEST0001000100010001001C /* Frameworks */,
			);
			buildRules = (
			);
			dependencies = (
				TEST0001000100010001000F /* PBXTargetDependency */,
			);
			name = LivingTests;
			productName = LivingTests;
			productReference = TEST0001000100010001000C /* LivingTests.xctest */;
			productType = "com.apple.product-type.bundle.unit-test";
		};
/* End PBXNativeTarget section */

/* Begin PBXProject section */
		75E881C69B1B402289F98EFF /* Project object */ = {
			isa = PBXProject;
			attributes = {
				BuildIndependentTargetsInParallel = YES;
				LastUpgradeCheck = 1500;
			};
			buildConfigurationList = 6652CBAD2C0B6568484080C4 /* Build configuration list for PBXProject "Living" */;
			compatibilityVersion = "Xcode 14.0";
			developmentRegion = en;
			hasScannedForEncodings = 0;
			knownRegions = (
				Base,
				en,
			);
			mainGroup = F4D51725F0326D7BF57D0F36;
			minimizedProjectReferenceProxies = 1;
			packageReferences = (
				6776D0B519B02B8FE8FFD8A6 /* XCRemoteSwiftPackageReference "KeychainAccess" */,
				8A12643874985FF1D086AD14 /* XCRemoteSwiftPackageReference "firebase-ios-sdk" */,
			);
			preferredProjectObjectVersion = 77;
			projectDirPath = "";
			projectRoot = "";
			targets = (
				F59F5922C28E64FA4512D7A2 /* Living */,
				TEST0001000100010001001A /* LivingTests */,
			);
		};
/* End PBXProject section */

/* Begin PBXSourcesBuildPhase section */
		509B2B6DAD1FA85DD7A14E74 /* Sources */ = {
			isa = PBXSourcesBuildPhase;
			buildActionMask = 2147483647;
			files = (
				C7FE6F4641FE517B4879F517 /* CheckInView.swift in Sources */,
				B1B698E214E9925ACA2F197A /* CheckInViewModel.swift in Sources */,
				A842A4BF3A6F978C598C1F59 /* FirebaseService.swift in Sources */,
				1E563019DA4CC0A605F69F02 /* LivingApp.swift in Sources */,
				ONBOARD0100010001000100AA /* OnboardingView.swift in Sources */,
				ED207EEE83F931B21C360DE2 /* SettingsView.swift in Sources */,
				SPLASH0100010001000100AA /* SplashView.swift in Sources */,
				C6A5069ACC62E00D13AFDD37 /* UserData.swift in Sources */,
			);
			runOnlyForDeploymentPostprocessing = 0;
		};
		TEST0001000100010001001B /* Sources */ = {
			isa = PBXSourcesBuildPhase;
			buildActionMask = 2147483647;
			files = (
				TEST0001000100010001000A /* DateExtensionTests.swift in Sources */,
			);
			runOnlyForDeploymentPostprocessing = 0;
		};
/* End PBXSourcesBuildPhase section */

/* Begin XCBuildConfiguration section */
		15FFAE184E08D2EB960D058C /* Debug */ = {
			isa = XCBuildConfiguration;
			buildSettings = {
				ALWAYS_SEARCH_USER_PATHS = NO;
				CLANG_ANALYZER_NONNULL = YES;
				CLANG_ANALYZER_NUMBER_OBJECT_CONVERSION = YES_AGGRESSIVE;
				CLANG_CXX_LANGUAGE_STANDARD = "gnu++14";
				CLANG_CXX_LIBRARY = "libc++";
				CLANG_ENABLE_MODULES = YES;
				CLANG_ENABLE_OBJC_ARC = YES;
				CLANG_ENABLE_OBJC_WEAK = YES;
				CLANG_WARN_BLOCK_CAPTURE_AUTORELEASING = YES;
				CLANG_WARN_BOOL_CONVERSION = YES;
				CLANG_WARN_COMMA = YES;
				CLANG_WARN_CONSTANT_CONVERSION = YES;
				CLANG_WARN_DEPRECATED_OBJC_IMPLEMENTATIONS = YES;
				CLANG_WARN_DIRECT_OBJC_ISA_USAGE = YES_ERROR;
				CLANG_WARN_DOCUMENTATION_COMMENTS = YES;
				CLANG_WARN_EMPTY_BODY = YES;
				CLANG_WARN_ENUM_CONVERSION = YES;
				CLANG_WARN_INFINITE_RECURSION = YES;
				CLANG_WARN_INT_CONVERSION = YES;
				CLANG_WARN_NON_LITERAL_NULL_CONVERSION = YES;
				CLANG_WARN_OBJC_IMPLICIT_RETAIN_SELF = YES;
				CLANG_WARN_OBJC_LITERAL_CONVERSION = YES;
				CLANG_WARN_OBJC_ROOT_CLASS = YES_ERROR;
				CLANG_WARN_QUOTED_INCLUDE_IN_FRAMEWORK_HEADER = YES;
				CLANG_WARN_RANGE_LOOP_ANALYSIS = YES;
				CLANG_WARN_STRICT_PROTOTYPES = YES;
				CLANG_WARN_SUSPICIOUS_MOVE = YES;
				CLANG_WARN_UNGUARDED_AVAILABILITY = YES_AGGRESSIVE;
				CLANG_WARN_UNREACHABLE_CODE = YES;
				CLANG_WARN__DUPLICATE_METHOD_MATCH = YES;
				COPY_PHASE_STRIP = NO;
				DEBUG_INFORMATION_FORMAT = dwarf;
				ENABLE_STRICT_OBJC_MSGSEND = YES;
				ENABLE_TESTABILITY = YES;
				GCC_C_LANGUAGE_STANDARD = gnu11;
				GCC_DYNAMIC_NO_PIC = NO;
				GCC_NO_COMMON_BLOCKS = YES;
				GCC_OPTIMIZATION_LEVEL = 0;
				GCC_PREPROCESSOR_DEFINITIONS = (
					"$(inherited)",
					"DEBUG=1",
				);
				GCC_WARN_64_TO_32_BIT_CONVERSION = YES;
				GCC_WARN_ABOUT_RETURN_TYPE = YES_ERROR;
				GCC_WARN_UNDECLARED_SELECTOR = YES;
				GCC_WARN_UNINITIALIZED_AUTOS = YES_AGGRESSIVE;
				GCC_WARN_UNUSED_FUNCTION = YES;
				GCC_WARN_UNUSED_VARIABLE = YES;
				GENERATE_INFOPLIST_FILE = YES;
				IPHONEOS_DEPLOYMENT_TARGET = 17.0;
				MTL_ENABLE_DEBUG_INFO = INCLUDE_SOURCE;
				MTL_FAST_MATH = YES;
				ONLY_ACTIVE_ARCH = YES;
				PRODUCT_NAME = "$(TARGET_NAME)";
				SDKROOT = iphoneos;
				SWIFT_ACTIVE_COMPILATION_CONDITIONS = DEBUG;
				SWIFT_OPTIMIZATION_LEVEL = "-Onone";
				SWIFT_VERSION = 5.9;
			};
			name = Debug;
		};
		BD3EE31C32C3972ED1674401 /* Release */ = {
			isa = XCBuildConfiguration;
			buildSettings = {
				ASSETCATALOG_COMPILER_APPICON_NAME = AppIcon;
				CODE_SIGN_IDENTITY = "iPhone Developer";
				INFOPLIST_KEY_CFBundleDisplayName = "生きろ。";
				INFOPLIST_KEY_UIApplicationSceneManifest_Generation = YES;
				INFOPLIST_KEY_UIApplicationSupportsIndirectInputEvents = YES;
				INFOPLIST_KEY_UILaunchScreen_Generation = YES;
				INFOPLIST_KEY_UISupportedInterfaceOrientations_iPhone = UIInterfaceOrientationPortrait;
				LD_RUNPATH_SEARCH_PATHS = (
					"$(inherited)",
					"@executable_path/Frameworks",
				);
				PRODUCT_BUNDLE_IDENTIFIER = com.living.app.dev;
				SDKROOT = iphoneos;
				TARGETED_DEVICE_FAMILY = "1,2";
			};
			name = Release;
		};
		ED62F527066D406055125034 /* Release */ = {
			isa = XCBuildConfiguration;
			buildSettings = {
				ALWAYS_SEARCH_USER_PATHS = NO;
				CLANG_ANALYZER_NONNULL = YES;
				CLANG_ANALYZER_NUMBER_OBJECT_CONVERSION = YES_AGGRESSIVE;
				CLANG_CXX_LANGUAGE_STANDARD = "gnu++14";
				CLANG_CXX_LIBRARY = "libc++";
				CLANG_ENABLE_MODULES = YES;
				CLANG_ENABLE_OBJC_ARC = YES;
				CLANG_ENABLE_OBJC_WEAK = YES;
				CLANG_WARN_BLOCK_CAPTURE_AUTORELEASING = YES;
				CLANG_WARN_BOOL_CONVERSION = YES;
				CLANG_WARN_COMMA = YES;
				CLANG_WARN_CONSTANT_CONVERSION = YES;
				CLANG_WARN_DEPRECATED_OBJC_IMPLEMENTATIONS = YES;
				CLANG_WARN_DIRECT_OBJC_ISA_USAGE = YES_ERROR;
				CLANG_WARN_DOCUMENTATION_COMMENTS = YES;
				CLANG_WARN_EMPTY_BODY = YES;
				CLANG_WARN_ENUM_CONVERSION = YES;
				CLANG_WARN_INFINITE_RECURSION = YES;
				CLANG_WARN_INT_CONVERSION = YES;
				CLANG_WARN_NON_LITERAL_NULL_CONVERSION = YES;
				CLANG_WARN_OBJC_IMPLICIT_RETAIN_SELF = YES;
				CLANG_WARN_OBJC_LITERAL_CONVERSION = YES;
				CLANG_WARN_OBJC_ROOT_CLASS = YES_ERROR;
				CLANG_WARN_QUOTED_INCLUDE_IN_FRAMEWORK_HEADER = YES;
				CLANG_WARN_RANGE_LOOP_ANALYSIS = YES;
				CLANG_WARN_STRICT_PROTOTYPES = YES;
				CLANG_WARN_SUSPICIOUS_MOVE = YES;
				CLANG_WARN_UNGUARDED_AVAILABILITY = YES_AGGRESSIVE;
				CLANG_WARN_UNREACHABLE_CODE = YES;
				CLANG_WARN__DUPLICATE_METHOD_MATCH = YES;
				COPY_PHASE_STRIP = NO;
				DEBUG_INFORMATION_FORMAT = "dwarf-with-dsym";
				ENABLE_NS_ASSERTIONS = NO;
				ENABLE_STRICT_OBJC_MSGSEND = YES;
				GCC_C_LANGUAGE_STANDARD = gnu11;
				GCC_NO_COMMON_BLOCKS = YES;
				GCC_WARN_64_TO_32_BIT_CONVERSION = YES;
				GCC_WARN_ABOUT_RETURN_TYPE = YES_ERROR;
				GCC_WARN_UNDECLARED_SELECTOR = YES;
				GCC_WARN_UNINITIALIZED_AUTOS = YES_AGGRESSIVE;
				GCC_WARN_UNUSED_FUNCTION = YES;
				GCC_WARN_UNUSED_VARIABLE = YES;
				GENERATE_INFOPLIST_FILE = YES;
				IPHONEOS_DEPLOYMENT_TARGET = 17.0;
				MTL_ENABLE_DEBUG_INFO = NO;
				MTL_FAST_MATH = YES;
				PRODUCT_NAME = "$(TARGET_NAME)";
				SDKROOT = iphoneos;
				SWIFT_COMPILATION_MODE = wholemodule;
				SWIFT_OPTIMIZATION_LEVEL = "-O";
				SWIFT_VERSION = 5.9;
			};
			name = Release;
		};
		F88A052D6CF35BC3414BB816 /* Debug */ = {
			isa = XCBuildConfiguration;
			buildSettings = {
				ASSETCATALOG_COMPILER_APPICON_NAME = AppIcon;
				CODE_SIGN_IDENTITY = "iPhone Developer";
				INFOPLIST_KEY_CFBundleDisplayName = "生きろ。";
				INFOPLIST_KEY_UIApplicationSceneManifest_Generation = YES;
				INFOPLIST_KEY_UIApplicationSupportsIndirectInputEvents = YES;
				INFOPLIST_KEY_UILaunchScreen_Generation = YES;
				INFOPLIST_KEY_UISupportedInterfaceOrientations_iPhone = UIInterfaceOrientationPortrait;
				LD_RUNPATH_SEARCH_PATHS = (
					"$(inherited)",
					"@executable_path/Frameworks",
				);
				PRODUCT_BUNDLE_IDENTIFIER = com.living.app.dev;
				SDKROOT = iphoneos;
				TARGETED_DEVICE_FAMILY = "1,2";
			};
			name = Debug;
		};
		TEST0001000100010001001E /* Debug */ = {
			isa = XCBuildConfiguration;
			buildSettings = {
				BUNDLE_LOADER = "$(TEST_HOST)";
				CODE_SIGN_STYLE = Automatic;
				GENERATE_INFOPLIST_FILE = YES;
				IPHONEOS_DEPLOYMENT_TARGET = 17.0;
				PRODUCT_BUNDLE_IDENTIFIER = com.living.app.dev.tests;
				PRODUCT_NAME = "$(TARGET_NAME)";
				SDKROOT = iphoneos;
				SWIFT_VERSION = 5.9;
				TARGETED_DEVICE_FAMILY = "1,2";
				TEST_HOST = "$(BUILT_PRODUCTS_DIR)/Living.app/$(BUNDLE_EXECUTABLE_FOLDER_PATH)/Living";
			};
			name = Debug;
		};
		TEST0001000100010001001F /* Release */ = {
			isa = XCBuildConfiguration;
			buildSettings = {
				BUNDLE_LOADER = "$(TEST_HOST)";
				CODE_SIGN_STYLE = Automatic;
				GENERATE_INFOPLIST_FILE = YES;
				IPHONEOS_DEPLOYMENT_TARGET = 17.0;
				PRODUCT_BUNDLE_IDENTIFIER = com.living.app.dev.tests;
				PRODUCT_NAME = "$(TARGET_NAME)";
				SDKROOT = iphoneos;
				SWIFT_VERSION = 5.9;
				TARGETED_DEVICE_FAMILY = "1,2";
				TEST_HOST = "$(BUILT_PRODUCTS_DIR)/Living.app/$(BUNDLE_EXECUTABLE_FOLDER_PATH)/Living";
			};
			name = Release;
		};
/* End XCBuildConfiguration section */

/* Begin XCConfigurationList section */
		6652CBAD2C0B6568484080C4 /* Build configuration list for PBXProject "Living" */ = {
			isa = XCConfigurationList;
			buildConfigurations = (
				15FFAE184E08D2EB960D058C /* Debug */,
				ED62F527066D406055125034 /* Release */,
			);
			defaultConfigurationIsVisible = 0;
			defaultConfigurationName = Debug;
		};
		FCD2CA05E50F3EAC4CD485CE /* Build configuration list for PBXNativeTarget "Living" */ = {
			isa = XCConfigurationList;
			buildConfigurations = (
				F88A052D6CF35BC3414BB816 /* Debug */,
				BD3EE31C32C3972ED1674401 /* Release */,
			);
			defaultConfigurationIsVisible = 0;
			defaultConfigurationName = Debug;
		};
		TEST0001000100010001001D /* Build configuration list for PBXNativeTarget "LivingTests" */ = {
			isa = XCConfigurationList;
			buildConfigurations = (
				TEST0001000100010001001E /* Debug */,
				TEST0001000100010001001F /* Release */,
			);
			defaultConfigurationIsVisible = 0;
			defaultConfigurationName = Debug;
		};
/* End XCConfigurationList section */

/* Begin XCRemoteSwiftPackageReference section */
		6776D0B519B02B8FE8FFD8A6 /* XCRemoteSwiftPackageReference "KeychainAccess" */ = {
			isa = XCRemoteSwiftPackageReference;
			repositoryURL = "https://github.com/kishikawakatsumi/KeychainAccess";
			requirement = {
				kind = upToNextMajorVersion;
				minimumVersion = 4.2.2;
			};
		};
		8A12643874985FF1D086AD14 /* XCRemoteSwiftPackageReference "firebase-ios-sdk" */ = {
			isa = XCRemoteSwiftPackageReference;
			repositoryURL = "https://github.com/firebase/firebase-ios-sdk";
			requirement = {
				kind = upToNextMajorVersion;
				minimumVersion = 10.0.0;
			};
		};
/* End XCRemoteSwiftPackageReference section */

/* Begin XCSwiftPackageProductDependency section */
		7A1B2C3D4E5F6789ABCDEF00 /* FirebaseAuth */ = {
			isa = XCSwiftPackageProductDependency;
			package = 8A12643874985FF1D086AD14 /* XCRemoteSwiftPackageReference "firebase-ios-sdk" */;
			productName = FirebaseAuth;
		};
		12333CE3B5DFD14AAE102EA7 /* FirebaseFirestore */ = {
			isa = XCSwiftPackageProductDependency;
			package = 8A12643874985FF1D086AD14 /* XCRemoteSwiftPackageReference "firebase-ios-sdk" */;
			productName = FirebaseFirestore;
		};
		D59EF6E72B1E86A7534081C0 /* KeychainAccess */ = {
			isa = XCSwiftPackageProductDependency;
			package = 6776D0B519B02B8FE8FFD8A6 /* XCRemoteSwiftPackageReference "KeychainAccess" */;
			productName = KeychainAccess;
		};
/* End XCSwiftPackageProductDependency section */
	};
	rootObject = 75E881C69B1B402289F98EFF /* Project object */;
}
